
Microsoft Visual Studio Solution File, Format Version 10.00
# Visual Studio 2008
Project("{FAE04EC0-301F-11D3-BF4B-00C04F79EFBC}") = "GPG.Multiplayer.Plugin", "GPG.Multiplayer.Plugin\GPG.Multiplayer.Plugin.csproj", "{597016D6-849A-4E7D-A59B-DC269EA8FE2B}"
EndProject
Project("{FAE04EC0-301F-11D3-BF4B-00C04F79EFBC}") = "GPGnetCommunicationsLib", "GPGnetCommunicationsLib\GPGnetCommunicationsLib.csproj", "{C9300D83-2D93-4BA9-ABCD-1883DA4DE6EE}"
EndProject
Project("{FAE04EC0-301F-11D3-BF4B-00C04F79EFBC}") = "GPGnetClientLib", "GPGnetClientLib\GPGnetClientLib.csproj", "{5D328F95-7230-47E7-B1B9-DA459A9F8C14}"
	ProjectSection(ProjectDependencies) = postProject
		{C9300D83-2D93-4BA9-ABCD-1883DA4DE6EE} = {C9300D83-2D93-4BA9-ABCD-1883DA4DE6EE}
	EndProjectSection
EndProject
Project("{FAE04EC0-301F-11D3-BF4B-00C04F79EFBC}") = "GPG", "GPG\GPG.csproj", "{6636B74B-0DDC-4E91-B5D7-4FF5AEB71C2E}"
EndProject
Project("{FAE04EC0-301F-11D3-BF4B-00C04F79EFBC}") = "GPG.ImageConverter", "GPG.ImageConverter\GPG.ImageConverter.csproj", "{2C36A0E0-7B15-4938-849F-5B7DC5DD315F}"
	ProjectSection(ProjectDependencies) = postProject
		{6636B74B-0DDC-4E91-B5D7-4FF5AEB71C2E} = {6636B74B-0DDC-4E91-B5D7-4FF5AEB71C2E}
	EndProjectSection
EndProject
Project("{FAE04EC0-301F-11D3-BF4B-00C04F79EFBC}") = "GPG.Multiplayer.Quazal", "GPG.Multiplayer.Quazal\GPG.Multiplayer.Quazal.csproj", "{3DA403D0-064A-4E1B-B810-11A6D804159C}"
	ProjectSection(ProjectDependencies) = postProject
		{6636B74B-0DDC-4E91-B5D7-4FF5AEB71C2E} = {6636B74B-0DDC-4E91-B5D7-4FF5AEB71C2E}
		{C9300D83-2D93-4BA9-ABCD-1883DA4DE6EE} = {C9300D83-2D93-4BA9-ABCD-1883DA4DE6EE}
		{5D328F95-7230-47E7-B1B9-DA459A9F8C14} = {5D328F95-7230-47E7-B1B9-DA459A9F8C14}
	EndProjectSection
EndProject
Project("{FAE04EC0-301F-11D3-BF4B-00C04F79EFBC}") = "GPG.Multiplayer.Game", "GPG.Multiplayer.Game\GPG.Multiplayer.Game.csproj", "{86243ACD-DF5A-4D85-B58D-4408F78745A0}"
	ProjectSection(ProjectDependencies) = postProject
		{6636B74B-0DDC-4E91-B5D7-4FF5AEB71C2E} = {6636B74B-0DDC-4E91-B5D7-4FF5AEB71C2E}
		{3DA403D0-064A-4E1B-B810-11A6D804159C} = {3DA403D0-064A-4E1B-B810-11A6D804159C}
	EndProjectSection
EndProject
Project("{FAE04EC0-301F-11D3-BF4B-00C04F79EFBC}") = "GPG.Multiplayer.Statistics", "GPG.Multiplayer.Statistics\GPG.Multiplayer.Statistics.csproj", "{1EB9BEB4-FCE3-4F95-A275-9DE6D642E47D}"
	ProjectSection(ProjectDependencies) = postProject
		{6636B74B-0DDC-4E91-B5D7-4FF5AEB71C2E} = {6636B74B-0DDC-4E91-B5D7-4FF5AEB71C2E}
		{3DA403D0-064A-4E1B-B810-11A6D804159C} = {3DA403D0-064A-4E1B-B810-11A6D804159C}
	EndProjectSection
EndProject
Project("{FAE04EC0-301F-11D3-BF4B-00C04F79EFBC}") = "GPG.UI", "GPG.UI\GPG.UI.csproj", "{DC0C2456-A62F-4330-BF94-C356A6018BE1}"
	ProjectSection(ProjectDependencies) = postProject
		{6636B74B-0DDC-4E91-B5D7-4FF5AEB71C2E} = {6636B74B-0DDC-4E91-B5D7-4FF5AEB71C2E}
		{1EB9BEB4-FCE3-4F95-A275-9DE6D642E47D} = {1EB9BEB4-FCE3-4F95-A275-9DE6D642E47D}
		{3DA403D0-064A-4E1B-B810-11A6D804159C} = {3DA403D0-064A-4E1B-B810-11A6D804159C}
	EndProjectSection
EndProject
Project("{FAE04EC0-301F-11D3-BF4B-00C04F79EFBC}") = "GPG.Multiplayer.LadderService", "GPG.Multiplayer.LadderService\GPG.Multiplayer.LadderService.csproj", "{039F8480-5325-49FC-848D-7AA65DD2C746}"
	ProjectSection(ProjectDependencies) = postProject
		{6636B74B-0DDC-4E91-B5D7-4FF5AEB71C2E} = {6636B74B-0DDC-4E91-B5D7-4FF5AEB71C2E}
		{DC0C2456-A62F-4330-BF94-C356A6018BE1} = {DC0C2456-A62F-4330-BF94-C356A6018BE1}
		{3DA403D0-064A-4E1B-B810-11A6D804159C} = {3DA403D0-064A-4E1B-B810-11A6D804159C}
	EndProjectSection
EndProject
Project("{FAE04EC0-301F-11D3-BF4B-00C04F79EFBC}") = "GPG.Multiplayer.Client", "GPG.Multiplayer.Client\GPG.Multiplayer.Client.csproj", "{1D37D04C-8171-4828-BABF-FF9EAD629F49}"
	ProjectSection(ProjectDependencies) = postProject
		{6636B74B-0DDC-4E91-B5D7-4FF5AEB71C2E} = {6636B74B-0DDC-4E91-B5D7-4FF5AEB71C2E}
		{DC0C2456-A62F-4330-BF94-C356A6018BE1} = {DC0C2456-A62F-4330-BF94-C356A6018BE1}
		{039F8480-5325-49FC-848D-7AA65DD2C746} = {039F8480-5325-49FC-848D-7AA65DD2C746}
		{1EB9BEB4-FCE3-4F95-A275-9DE6D642E47D} = {1EB9BEB4-FCE3-4F95-A275-9DE6D642E47D}
		{86243ACD-DF5A-4D85-B58D-4408F78745A0} = {86243ACD-DF5A-4D85-B58D-4408F78745A0}
		{3DA403D0-064A-4E1B-B810-11A6D804159C} = {3DA403D0-064A-4E1B-B810-11A6D804159C}
		{597016D6-849A-4E7D-A59B-DC269EA8FE2B} = {597016D6-849A-4E7D-A59B-DC269EA8FE2B}
		{2C36A0E0-7B15-4938-849F-5B7DC5DD315F} = {2C36A0E0-7B15-4938-849F-5B7DC5DD315F}
	EndProjectSection
EndProject
Global
	GlobalSection(SolutionConfigurationPlatforms) = preSolution
		Debug|Any CPU = Debug|Any CPU
		Release|Any CPU = Release|Any CPU
	EndGlobalSection
	GlobalSection(ProjectConfigurationPlatforms) = postSolution
		{597016D6-849A-4E7D-A59B-DC269EA8FE2B}.Debug|Any CPU.ActiveCfg = Debug|Any CPU
		{597016D6-849A-4E7D-A59B-DC269EA8FE2B}.Debug|Any CPU.Build.0 = Debug|Any CPU
		{597016D6-849A-4E7D-A59B-DC269EA8FE2B}.Release|Any CPU.ActiveCfg = Release|Any CPU
		{597016D6-849A-4E7D-A59B-DC269EA8FE2B}.Release|Any CPU.Build.0 = Release|Any CPU
		{C9300D83-2D93-4BA9-ABCD-1883DA4DE6EE}.Debug|Any CPU.ActiveCfg = Debug|Any CPU
		{C9300D83-2D93-4BA9-ABCD-1883DA4DE6EE}.Debug|Any CPU.Build.0 = Debug|Any CPU
		{C9300D83-2D93-4BA9-ABCD-1883DA4DE6EE}.Release|Any CPU.ActiveCfg = Release|Any CPU
		{C9300D83-2D93-4BA9-ABCD-1883DA4DE6EE}.Release|Any CPU.Build.0 = Release|Any CPU
		{5D328F95-7230-47E7-B1B9-DA459A9F8C14}.Debug|Any CPU.ActiveCfg = Debug|Any CPU
		{5D328F95-7230-47E7-B1B9-DA459A9F8C14}.Debug|Any CPU.Build.0 = Debug|Any CPU
		{5D328F95-7230-47E7-B1B9-DA459A9F8C14}.Release|Any CPU.ActiveCfg = Release|Any CPU
		{5D328F95-7230-47E7-B1B9-DA459A9F8C14}.Release|Any CPU.Build.0 = Release|Any CPU
		{6636B74B-0DDC-4E91-B5D7-4FF5AEB71C2E}.Debug|Any CPU.ActiveCfg = Debug|Any CPU
		{6636B74B-0DDC-4E91-B5D7-4FF5AEB71C2E}.Debug|Any CPU.Build.0 = Debug|Any CPU
		{6636B74B-0DDC-4E91-B5D7-4FF5AEB71C2E}.Release|Any CPU.ActiveCfg = Release|Any CPU
		{6636B74B-0DDC-4E91-B5D7-4FF5AEB71C2E}.Release|Any CPU.Build.0 = Release|Any CPU
		{2C36A0E0-7B15-4938-849F-5B7DC5DD315F}.Debug|Any CPU.ActiveCfg = Debug|Any CPU
		{2C36A0E0-7B15-4938-849F-5B7DC5DD315F}.Debug|Any CPU.Build.0 = Debug|Any CPU
		{2C36A0E0-7B15-4938-849F-5B7DC5DD315F}.Release|Any CPU.ActiveCfg = Release|Any CPU
		{2C36A0E0-7B15-4938-849F-5B7DC5DD315F}.Release|Any CPU.Build.0 = Release|Any CPU
		{3DA403D0-064A-4E1B-B810-11A6D804159C}.Debug|Any CPU.ActiveCfg = Debug|Any CPU
		{3DA403D0-064A-4E1B-B810-11A6D804159C}.Debug|Any CPU.Build.0 = Debug|Any CPU
		{3DA403D0-064A-4E1B-B810-11A6D804159C}.Release|Any CPU.ActiveCfg = Release|Any CPU
		{3DA403D0-064A-4E1B-B810-11A6D804159C}.Release|Any CPU.Build.0 = Release|Any CPU
		{86243ACD-DF5A-4D85-B58D-4408F78745A0}.Debug|Any CPU.ActiveCfg = Debug|Any CPU
		{86243ACD-DF5A-4D85-B58D-4408F78745A0}.Debug|Any CPU.Build.0 = Debug|Any CPU
		{86243ACD-DF5A-4D85-B58D-4408F78745A0}.Release|Any CPU.ActiveCfg = Release|Any CPU
		{86243ACD-DF5A-4D85-B58D-4408F78745A0}.Release|Any CPU.Build.0 = Release|Any CPU
		{1EB9BEB4-FCE3-4F95-A275-9DE6D642E47D}.Debug|Any CPU.ActiveCfg = Debug|Any CPU
		{1EB9BEB4-FCE3-4F95-A275-9DE6D642E47D}.Debug|Any CPU.Build.0 = Debug|Any CPU
		{1EB9BEB4-FCE3-4F95-A275-9DE6D642E47D}.Release|Any CPU.ActiveCfg = Release|Any CPU
		{1EB9BEB4-FCE3-4F95-A275-9DE6D642E47D}.Release|Any CPU.Build.0 = Release|Any CPU
		{DC0C2456-A62F-4330-BF94-C356A6018BE1}.Debug|Any CPU.ActiveCfg = Debug|Any CPU
		{DC0C2456-A62F-4330-BF94-C356A6018BE1}.Debug|Any CPU.Build.0 = Debug|Any CPU
		{DC0C2456-A62F-4330-BF94-C356A6018BE1}.Release|Any CPU.ActiveCfg = Release|Any CPU
		{DC0C2456-A62F-4330-BF94-C356A6018BE1}.Release|Any CPU.Build.0 = Release|Any CPU
		{039F8480-5325-49FC-848D-7AA65DD2C746}.Debug|Any CPU.ActiveCfg = Debug|Any CPU
		{039F8480-5325-49FC-848D-7AA65DD2C746}.Debug|Any CPU.Build.0 = Debug|Any CPU
		{039F8480-5325-49FC-848D-7AA65DD2C746}.Release|Any CPU.ActiveCfg = Release|Any CPU
		{039F8480-5325-49FC-848D-7AA65DD2C746}.Release|Any CPU.Build.0 = Release|Any CPU
		{1D37D04C-8171-4828-BABF-FF9EAD629F49}.Debug|Any CPU.ActiveCfg = Debug|Any CPU
		{1D37D04C-8171-4828-BABF-FF9EAD629F49}.Debug|Any CPU.Build.0 = Debug|Any CPU
		{1D37D04C-8171-4828-BABF-FF9EAD629F49}.Release|Any CPU.ActiveCfg = Release|Any CPU
		{1D37D04C-8171-4828-BABF-FF9EAD629F49}.Release|Any CPU.Build.0 = Release|Any CPU
	EndGlobalSection
	GlobalSection(SolutionProperties) = preSolution
		HideSolutionNode = FALSE
	EndGlobalSection
EndGlobal
